
Microsoft Visual Studio Solution File, Format Version 12.00
# Visual Studio Version 17
VisualStudioVersion = 17.7.34024.191
MinimumVisualStudioVersion = 10.0.40219.1
Project("{FAE04EC0-301F-11D3-BF4B-00C04F79EFBC}") = "AttendanceV1", "AttendanceV1.csproj", "{20F7B921-1AFE-4B10-BA7F-F2D72A37FD51}"
EndProject
Global
	GlobalSection(SolutionConfigurationPlatforms) = preSolution
		Debug|Any CPU = Debug|Any CPU
		Release|Any CPU = Release|Any CPU
	EndGlobalSection
	GlobalSection(ProjectConfigurationPlatforms) = postSolution
		{20F7B921-1AFE-4B10-BA7F-F2D72A37FD51}.Debug|Any CPU.ActiveCfg = Debug|Any CPU
		{20F7B921-1AFE-4B10-BA7F-F2D72A37FD51}.Debug|Any CPU.Build.0 = Debug|Any CPU
		{20F7B921-1AFE-4B10-BA7F-F2D72A37FD51}.Release|Any CPU.ActiveCfg = Release|Any CPU
		{20F7B921-1AFE-4B10-BA7F-F2D72A37FD51}.Release|Any CPU.Build.0 = Release|Any CPU
	EndGlobalSection
	GlobalSection(SolutionProperties) = preSolution
		HideSolutionNode = FALSE
	EndGlobalSection
	GlobalSection(ExtensibilityGlobals) = postSolution
		SolutionGuid = {14CA5EB0-24D7-457A-8410-77BA60AFFD2A}
	EndGlobalSection
EndGlobal
